
Microsoft Visual Studio Solution File, Format Version 12.00
# Visual Studio Version 17
VisualStudioVersion = 17.8.34330.188
MinimumVisualStudioVersion = 10.0.40219.1
Project("{9A19103F-16F7-4668-BE54-9A1E7A4F7556}") = "Demo01Classes", "Demo01Classes\Demo01Classes.csproj", "{2675D94C-E83A-4CD9-8FBF-222E3BE02B20}"
EndProject
Project("{9A19103F-16F7-4668-BE54-9A1E7A4F7556}") = "ExerciceChaise", "ExerciceChaise\ExerciceChaise.csproj", "{CA762CAC-9BD2-494C-AB77-0C6B404D295C}"
EndProject
Project("{9A19103F-16F7-4668-BE54-9A1E7A4F7556}") = "Exercice02Salarie", "Exercice02Salarie\Exercice02Salarie.csproj", "{80FEA267-7B51-4E60-93ED-4B6E70D3D873}"
EndProject
Project("{9A19103F-16F7-4668-BE54-9A1E7A4F7556}") = "Exercice04Citerne", "Exercice04Citerne\Exercice04Citerne.csproj", "{33340BC5-14C1-46B0-AB7A-23701DCE0E56}"
EndProject
Project("{9A19103F-16F7-4668-BE54-9A1E7A4F7556}") = "Exercice03Pendu", "Exercice03Pendu\Exercice03Pendu.csproj", "{BD416C9C-6CF2-463A-B2FA-F4A2A22149DD}"
EndProject
Global
	GlobalSection(SolutionConfigurationPlatforms) = preSolution
		Debug|Any CPU = Debug|Any CPU
		Release|Any CPU = Release|Any CPU
	EndGlobalSection
	GlobalSection(ProjectConfigurationPlatforms) = postSolution
		{2675D94C-E83A-4CD9-8FBF-222E3BE02B20}.Debug|Any CPU.ActiveCfg = Debug|Any CPU
		{2675D94C-E83A-4CD9-8FBF-222E3BE02B20}.Debug|Any CPU.Build.0 = Debug|Any CPU
		{2675D94C-E83A-4CD9-8FBF-222E3BE02B20}.Release|Any CPU.ActiveCfg = Release|Any CPU
		{2675D94C-E83A-4CD9-8FBF-222E3BE02B20}.Release|Any CPU.Build.0 = Release|Any CPU
		{CA762CAC-9BD2-494C-AB77-0C6B404D295C}.Debug|Any CPU.ActiveCfg = Debug|Any CPU
		{CA762CAC-9BD2-494C-AB77-0C6B404D295C}.Debug|Any CPU.Build.0 = Debug|Any CPU
		{CA762CAC-9BD2-494C-AB77-0C6B404D295C}.Release|Any CPU.ActiveCfg = Release|Any CPU
		{CA762CAC-9BD2-494C-AB77-0C6B404D295C}.Release|Any CPU.Build.0 = Release|Any CPU
		{80FEA267-7B51-4E60-93ED-4B6E70D3D873}.Debug|Any CPU.ActiveCfg = Debug|Any CPU
		{80FEA267-7B51-4E60-93ED-4B6E70D3D873}.Debug|Any CPU.Build.0 = Debug|Any CPU
		{80FEA267-7B51-4E60-93ED-4B6E70D3D873}.Release|Any CPU.ActiveCfg = Release|Any CPU
		{80FEA267-7B51-4E60-93ED-4B6E70D3D873}.Release|Any CPU.Build.0 = Release|Any CPU
		{33340BC5-14C1-46B0-AB7A-23701DCE0E56}.Debug|Any CPU.ActiveCfg = Debug|Any CPU
		{33340BC5-14C1-46B0-AB7A-23701DCE0E56}.Debug|Any CPU.Build.0 = Debug|Any CPU
		{33340BC5-14C1-46B0-AB7A-23701DCE0E56}.Release|Any CPU.ActiveCfg = Release|Any CPU
		{33340BC5-14C1-46B0-AB7A-23701DCE0E56}.Release|Any CPU.Build.0 = Release|Any CPU
		{BD416C9C-6CF2-463A-B2FA-F4A2A22149DD}.Debug|Any CPU.ActiveCfg = Debug|Any CPU
		{BD416C9C-6CF2-463A-B2FA-F4A2A22149DD}.Debug|Any CPU.Build.0 = Debug|Any CPU
		{BD416C9C-6CF2-463A-B2FA-F4A2A22149DD}.Release|Any CPU.ActiveCfg = Release|Any CPU
		{BD416C9C-6CF2-463A-B2FA-F4A2A22149DD}.Release|Any CPU.Build.0 = Release|Any CPU
	EndGlobalSection
	GlobalSection(SolutionProperties) = preSolution
		HideSolutionNode = FALSE
	EndGlobalSection
	GlobalSection(ExtensibilityGlobals) = postSolution
		SolutionGuid = {6AF52C4E-9BA7-4809-89C6-4DAF1E616866}
	EndGlobalSection
EndGlobal
