
Microsoft Visual Studio Solution File, Format Version 12.00
# Visual Studio Version 17
VisualStudioVersion = 17.8.34330.188
MinimumVisualStudioVersion = 10.0.40219.1
Project("{9A19103F-16F7-4668-BE54-9A1E7A4F7556}") = "Demo01Classes", "Demo01Classes\Demo01Classes.csproj", "{2675D94C-E83A-4CD9-8FBF-222E3BE02B20}"
EndProject
Project("{9A19103F-16F7-4668-BE54-9A1E7A4F7556}") = "ExerciceChaise", "ExerciceChaise\ExerciceChaise.csproj", "{CA762CAC-9BD2-494C-AB77-0C6B404D295C}"
EndProject
Project("{9A19103F-16F7-4668-BE54-9A1E7A4F7556}") = "Exercice02Salarie", "Exercice02Salarie\Exercice02Salarie.csproj", "{80FEA267-7B51-4E60-93ED-4B6E70D3D873}"
EndProject
Project("{9A19103F-16F7-4668-BE54-9A1E7A4F7556}") = "Exercice04Citerne", "Exercice04Citerne\Exercice04Citerne.csproj", "{33340BC5-14C1-46B0-AB7A-23701DCE0E56}"
EndProject
Project("{9A19103F-16F7-4668-BE54-9A1E7A4F7556}") = "Exercice03Pendu", "Exercice03Pendu\Exercice03Pendu.csproj", "{BD416C9C-6CF2-463A-B2FA-F4A2A22149DD}"
EndProject
Project("{9A19103F-16F7-4668-BE54-9A1E7A4F7556}") = "Exercice06CompteBancaire", "Exercice06CompteBancaire\Exercice06CompteBancaire.csproj", "{7ECB4F8E-57C7-4B03-8503-2FA61FF2DE9A}"
EndProject
Project("{9A19103F-16F7-4668-BE54-9A1E7A4F7556}") = "Exercice05SalarieHeritage", "Exercice05SalarieHeritage\Exercice05SalarieHeritage.csproj", "{F5801B2F-674A-4FAA-932C-8AE3BA3CA440}"
EndProject
Project("{9A19103F-16F7-4668-BE54-9A1E7A4F7556}") = "Exercice07Figure", "Exercice07Figure\Exercice07Figure.csproj", "{D4DF21F2-9354-44C9-95A3-A847D452B70E}"
EndProject
Project("{FAE04EC0-301F-11D3-BF4B-00C04F79EFBC}") = "Exercice08Pile", "Exercice08Pile\Exercice08Pile.csproj", "{ED3870D7-7837-4DA0-A096-FB37C0ABEDBD}"
EndProject
Global
	GlobalSection(SolutionConfigurationPlatforms) = preSolution
		Debug|Any CPU = Debug|Any CPU
		Release|Any CPU = Release|Any CPU
	EndGlobalSection
	GlobalSection(ProjectConfigurationPlatforms) = postSolution
		{2675D94C-E83A-4CD9-8FBF-222E3BE02B20}.Debug|Any CPU.ActiveCfg = Debug|Any CPU
		{2675D94C-E83A-4CD9-8FBF-222E3BE02B20}.Debug|Any CPU.Build.0 = Debug|Any CPU
		{2675D94C-E83A-4CD9-8FBF-222E3BE02B20}.Release|Any CPU.ActiveCfg = Release|Any CPU
		{2675D94C-E83A-4CD9-8FBF-222E3BE02B20}.Release|Any CPU.Build.0 = Release|Any CPU
		{CA762CAC-9BD2-494C-AB77-0C6B404D295C}.Debug|Any CPU.ActiveCfg = Debug|Any CPU
		{CA762CAC-9BD2-494C-AB77-0C6B404D295C}.Debug|Any CPU.Build.0 = Debug|Any CPU
		{CA762CAC-9BD2-494C-AB77-0C6B404D295C}.Release|Any CPU.ActiveCfg = Release|Any CPU
		{CA762CAC-9BD2-494C-AB77-0C6B404D295C}.Release|Any CPU.Build.0 = Release|Any CPU
		{80FEA267-7B51-4E60-93ED-4B6E70D3D873}.Debug|Any CPU.ActiveCfg = Debug|Any CPU
		{80FEA267-7B51-4E60-93ED-4B6E70D3D873}.Debug|Any CPU.Build.0 = Debug|Any CPU
		{80FEA267-7B51-4E60-93ED-4B6E70D3D873}.Release|Any CPU.ActiveCfg = Release|Any CPU
		{80FEA267-7B51-4E60-93ED-4B6E70D3D873}.Release|Any CPU.Build.0 = Release|Any CPU
		{33340BC5-14C1-46B0-AB7A-23701DCE0E56}.Debug|Any CPU.ActiveCfg = Debug|Any CPU
		{33340BC5-14C1-46B0-AB7A-23701DCE0E56}.Debug|Any CPU.Build.0 = Debug|Any CPU
		{33340BC5-14C1-46B0-AB7A-23701DCE0E56}.Release|Any CPU.ActiveCfg = Release|Any CPU
		{33340BC5-14C1-46B0-AB7A-23701DCE0E56}.Release|Any CPU.Build.0 = Release|Any CPU
		{BD416C9C-6CF2-463A-B2FA-F4A2A22149DD}.Debug|Any CPU.ActiveCfg = Debug|Any CPU
		{BD416C9C-6CF2-463A-B2FA-F4A2A22149DD}.Debug|Any CPU.Build.0 = Debug|Any CPU
		{BD416C9C-6CF2-463A-B2FA-F4A2A22149DD}.Release|Any CPU.ActiveCfg = Release|Any CPU
		{BD416C9C-6CF2-463A-B2FA-F4A2A22149DD}.Release|Any CPU.Build.0 = Release|Any CPU
		{7ECB4F8E-57C7-4B03-8503-2FA61FF2DE9A}.Debug|Any CPU.ActiveCfg = Debug|Any CPU
		{7ECB4F8E-57C7-4B03-8503-2FA61FF2DE9A}.Debug|Any CPU.Build.0 = Debug|Any CPU
		{7ECB4F8E-57C7-4B03-8503-2FA61FF2DE9A}.Release|Any CPU.ActiveCfg = Release|Any CPU
		{7ECB4F8E-57C7-4B03-8503-2FA61FF2DE9A}.Release|Any CPU.Build.0 = Release|Any CPU
		{F5801B2F-674A-4FAA-932C-8AE3BA3CA440}.Debug|Any CPU.ActiveCfg = Debug|Any CPU
		{F5801B2F-674A-4FAA-932C-8AE3BA3CA440}.Debug|Any CPU.Build.0 = Debug|Any CPU
		{F5801B2F-674A-4FAA-932C-8AE3BA3CA440}.Release|Any CPU.ActiveCfg = Release|Any CPU
		{F5801B2F-674A-4FAA-932C-8AE3BA3CA440}.Release|Any CPU.Build.0 = Release|Any CPU
		{D4DF21F2-9354-44C9-95A3-A847D452B70E}.Debug|Any CPU.ActiveCfg = Debug|Any CPU
		{D4DF21F2-9354-44C9-95A3-A847D452B70E}.Debug|Any CPU.Build.0 = Debug|Any CPU
		{D4DF21F2-9354-44C9-95A3-A847D452B70E}.Release|Any CPU.ActiveCfg = Release|Any CPU
		{D4DF21F2-9354-44C9-95A3-A847D452B70E}.Release|Any CPU.Build.0 = Release|Any CPU
		{ED3870D7-7837-4DA0-A096-FB37C0ABEDBD}.Debug|Any CPU.ActiveCfg = Debug|Any CPU
		{ED3870D7-7837-4DA0-A096-FB37C0ABEDBD}.Debug|Any CPU.Build.0 = Debug|Any CPU
		{ED3870D7-7837-4DA0-A096-FB37C0ABEDBD}.Release|Any CPU.ActiveCfg = Release|Any CPU
		{ED3870D7-7837-4DA0-A096-FB37C0ABEDBD}.Release|Any CPU.Build.0 = Release|Any CPU
	EndGlobalSection
	GlobalSection(SolutionProperties) = preSolution
		HideSolutionNode = FALSE
	EndGlobalSection
	GlobalSection(ExtensibilityGlobals) = postSolution
		SolutionGuid = {6AF52C4E-9BA7-4809-89C6-4DAF1E616866}
	EndGlobalSection
EndGlobal
